
Microsoft Visual Studio Solution File, Format Version 11.00
# Visual Studio 2010
Project("{FAE04EC0-301F-11D3-BF4B-00C04F79EFBC}") = "CreateImageList", "src\CreateImageList.csproj", "{33B9BFE5-332E-4744-A367-B0E35B021DCC}"
EndProject
Global
	GlobalSection(TeamFoundationVersionControl) = preSolution
		SccNumberOfProjects = 2
		SccEnterpriseProvider = {4CA58AB2-18FA-4F8D-95D4-32DDF27D184C}
		SccTeamFoundationServer = https://tfs.codeplex.com/tfs/tfs14
		SccLocalPath0 = .
		SccProjectUniqueName1 = src\\CreateImageList.csproj
		SccProjectName1 = src
		SccLocalPath1 = src
	EndGlobalSection
	GlobalSection(SolutionConfigurationPlatforms) = preSolution
		Debug|x86 = Debug|x86
		Release|x86 = Release|x86
	EndGlobalSection
	GlobalSection(ProjectConfigurationPlatforms) = postSolution
		{33B9BFE5-332E-4744-A367-B0E35B021DCC}.Debug|x86.ActiveCfg = Debug|x86
		{33B9BFE5-332E-4744-A367-B0E35B021DCC}.Debug|x86.Build.0 = Debug|x86
		{33B9BFE5-332E-4744-A367-B0E35B021DCC}.Release|x86.ActiveCfg = Release|x86
		{33B9BFE5-332E-4744-A367-B0E35B021DCC}.Release|x86.Build.0 = Release|x86
	EndGlobalSection
	GlobalSection(SolutionProperties) = preSolution
		HideSolutionNode = FALSE
	EndGlobalSection
EndGlobal
